// !$*UTF8*$!
{
	archiveVersion = 1;
	classes = {
	};
	objectVersion = 56;
	objects = {

/* Begin PBXBuildFile section */
		1D801D162AEF3ECE00961B39 /* HelpTextApp.swift in Sources */ = {isa = PBXBuildFile; fileRef = 1D801D152AEF3ECE00961B39 /* HelpTextApp.swift */; };
		1D801D182AEF3ECE00961B39 /* ContentView.swift in Sources */ = {isa = PBXBuildFile; fileRef = 1D801D172AEF3ECE00961B39 /* ContentView.swift */; };
		1D801D1A2AEF3ECF00961B39 /* Assets.xcassets in Resources */ = {isa = PBXBuildFile; fileRef = 1D801D192AEF3ECF00961B39 /* Assets.xcassets */; };
		1D801D1D2AEF3ECF00961B39 /* Preview Assets.xcassets in Resources */ = {isa = PBXBuildFile; fileRef = 1D801D1C2AEF3ECF00961B39 /* Preview Assets.xcassets */; };
		1D801D282AEF3F4F00961B39 /* TextMessageViewModel.swift in Sources */ = {isa = PBXBuildFile; fileRef = 1D801D272AEF3F4F00961B39 /* TextMessageViewModel.swift */; };
		1D801D2A2AEF3F6200961B39 /* ContactListViewModel.swift in Sources */ = {isa = PBXBuildFile; fileRef = 1D801D292AEF3F6200961B39 /* ContactListViewModel.swift */; };
		1D801D2C2AEF3F9A00961B39 /* Color.swift in Sources */ = {isa = PBXBuildFile; fileRef = 1D801D2B2AEF3F9A00961B39 /* Color.swift */; };
		1D801D2E2AEF3FA700961B39 /* ActionButton.swift in Sources */ = {isa = PBXBuildFile; fileRef = 1D801D2D2AEF3FA700961B39 /* ActionButton.swift */; };
		1D801D302AEF3FBC00961B39 /* UserDefaultsManager.swift in Sources */ = {isa = PBXBuildFile; fileRef = 1D801D2F2AEF3FBC00961B39 /* UserDefaultsManager.swift */; };
		1D801D322AEF3FDC00961B39 /* MessageManager.swift in Sources */ = {isa = PBXBuildFile; fileRef = 1D801D312AEF3FDC00961B39 /* MessageManager.swift */; };
		1D801D342AEF3FF700961B39 /* ContactManager.swift in Sources */ = {isa = PBXBuildFile; fileRef = 1D801D332AEF3FF700961B39 /* ContactManager.swift */; };
		1D801D362AEF400D00961B39 /* LocationManager.swift in Sources */ = {isa = PBXBuildFile; fileRef = 1D801D352AEF400D00961B39 /* LocationManager.swift */; };
		1D801D382AEF402900961B39 /* HomeView.swift in Sources */ = {isa = PBXBuildFile; fileRef = 1D801D372AEF402900961B39 /* HomeView.swift */; };
		1D801D3A2AEF403000961B39 /* RootView.swift in Sources */ = {isa = PBXBuildFile; fileRef = 1D801D392AEF403000961B39 /* RootView.swift */; };
		1D801D3C2AEF404600961B39 /* ContactListView.swift in Sources */ = {isa = PBXBuildFile; fileRef = 1D801D3B2AEF404600961B39 /* ContactListView.swift */; };
		1D801D3E2AEF405500961B39 /* SettingView.swift in Sources */ = {isa = PBXBuildFile; fileRef = 1D801D3D2AEF405500961B39 /* SettingView.swift */; };
		1D801D402AEF407100961B39 /* EditTextView.swift in Sources */ = {isa = PBXBuildFile; fileRef = 1D801D3F2AEF407100961B39 /* EditTextView.swift */; };
		1D801D422AEF408B00961B39 /* RegisterTextView.swift in Sources */ = {isa = PBXBuildFile; fileRef = 1D801D412AEF408B00961B39 /* RegisterTextView.swift */; };
		1D801D442AEF40A800961B39 /* HomeSection2View.swift in Sources */ = {isa = PBXBuildFile; fileRef = 1D801D432AEF40A800961B39 /* HomeSection2View.swift */; };
		1D801D462AEF40BF00961B39 /* HomeSection1View.swift in Sources */ = {isa = PBXBuildFile; fileRef = 1D801D452AEF40BF00961B39 /* HomeSection1View.swift */; };
		1D801D482AEF40D700961B39 /* DeveloperInfoView.swift in Sources */ = {isa = PBXBuildFile; fileRef = 1D801D472AEF40D700961B39 /* DeveloperInfoView.swift */; };
/* End PBXBuildFile section */

/* Begin PBXFileReference section */
		1D801D122AEF3ECE00961B39 /* HelpText.app */ = {isa = PBXFileReference; explicitFileType = wrapper.application; includeInIndex = 0; path = HelpText.app; sourceTree = BUILT_PRODUCTS_DIR; };
		1D801D152AEF3ECE00961B39 /* HelpTextApp.swift */ = {isa = PBXFileReference; lastKnownFileType = sourcecode.swift; path = HelpTextApp.swift; sourceTree = "<group>"; };
		1D801D172AEF3ECE00961B39 /* ContentView.swift */ = {isa = PBXFileReference; lastKnownFileType = sourcecode.swift; path = ContentView.swift; sourceTree = "<group>"; };
		1D801D192AEF3ECF00961B39 /* Assets.xcassets */ = {isa = PBXFileReference; lastKnownFileType = folder.assetcatalog; path = Assets.xcassets; sourceTree = "<group>"; };
		1D801D1C2AEF3ECF00961B39 /* Preview Assets.xcassets */ = {isa = PBXFileReference; lastKnownFileType = folder.assetcatalog; path = "Preview Assets.xcassets"; sourceTree = "<group>"; };
		1D801D272AEF3F4F00961B39 /* TextMessageViewModel.swift */ = {isa = PBXFileReference; lastKnownFileType = sourcecode.swift; path = TextMessageViewModel.swift; sourceTree = "<group>"; };
		1D801D292AEF3F6200961B39 /* ContactListViewModel.swift */ = {isa = PBXFileReference; lastKnownFileType = sourcecode.swift; path = ContactListViewModel.swift; sourceTree = "<group>"; };
		1D801D2B2AEF3F9A00961B39 /* Color.swift */ = {isa = PBXFileReference; lastKnownFileType = sourcecode.swift; path = Color.swift; sourceTree = "<group>"; };
		1D801D2D2AEF3FA700961B39 /* ActionButton.swift */ = {isa = PBXFileReference; lastKnownFileType = sourcecode.swift; path = ActionButton.swift; sourceTree = "<group>"; };
		1D801D2F2AEF3FBC00961B39 /* UserDefaultsManager.swift */ = {isa = PBXFileReference; lastKnownFileType = sourcecode.swift; path = UserDefaultsManager.swift; sourceTree = "<group>"; };
		1D801D312AEF3FDC00961B39 /* MessageManager.swift */ = {isa = PBXFileReference; lastKnownFileType = sourcecode.swift; path = MessageManager.swift; sourceTree = "<group>"; };
		1D801D332AEF3FF700961B39 /* ContactManager.swift */ = {isa = PBXFileReference; lastKnownFileType = sourcecode.swift; path = ContactManager.swift; sourceTree = "<group>"; };
		1D801D352AEF400D00961B39 /* LocationManager.swift */ = {isa = PBXFileReference; lastKnownFileType = sourcecode.swift; path = LocationManager.swift; sourceTree = "<group>"; };
		1D801D372AEF402900961B39 /* HomeView.swift */ = {isa = PBXFileReference; lastKnownFileType = sourcecode.swift; path = HomeView.swift; sourceTree = "<group>"; };
		1D801D392AEF403000961B39 /* RootView.swift */ = {isa = PBXFileReference; lastKnownFileType = sourcecode.swift; path = RootView.swift; sourceTree = "<group>"; };
		1D801D3B2AEF404600961B39 /* ContactListView.swift */ = {isa = PBXFileReference; lastKnownFileType = sourcecode.swift; path = ContactListView.swift; sourceTree = "<group>"; };
		1D801D3D2AEF405500961B39 /* SettingView.swift */ = {isa = PBXFileReference; lastKnownFileType = sourcecode.swift; path = SettingView.swift; sourceTree = "<group>"; };
		1D801D3F2AEF407100961B39 /* EditTextView.swift */ = {isa = PBXFileReference; lastKnownFileType = sourcecode.swift; path = EditTextView.swift; sourceTree = "<group>"; };
		1D801D412AEF408B00961B39 /* RegisterTextView.swift */ = {isa = PBXFileReference; lastKnownFileType = sourcecode.swift; path = RegisterTextView.swift; sourceTree = "<group>"; };
		1D801D432AEF40A800961B39 /* HomeSection2View.swift */ = {isa = PBXFileReference; lastKnownFileType = sourcecode.swift; path = HomeSection2View.swift; sourceTree = "<group>"; };
		1D801D452AEF40BF00961B39 /* HomeSection1View.swift */ = {isa = PBXFileReference; lastKnownFileType = sourcecode.swift; path = HomeSection1View.swift; sourceTree = "<group>"; };
		1D801D472AEF40D700961B39 /* DeveloperInfoView.swift */ = {isa = PBXFileReference; lastKnownFileType = sourcecode.swift; path = DeveloperInfoView.swift; sourceTree = "<group>"; };
/* End PBXFileReference section */

/* Begin PBXFrameworksBuildPhase section */
		1D801D0F2AEF3ECE00961B39 /* Frameworks */ = {
			isa = PBXFrameworksBuildPhase;
			buildActionMask = 2147483647;
			files = (
			);
			runOnlyForDeploymentPostprocessing = 0;
		};
/* End PBXFrameworksBuildPhase section */

/* Begin PBXGroup section */
		1D801D092AEF3ECE00961B39 = {
			isa = PBXGroup;
			children = (
				1D801D142AEF3ECE00961B39 /* HelpText */,
				1D801D132AEF3ECE00961B39 /* Products */,
			);
			sourceTree = "<group>";
		};
		1D801D132AEF3ECE00961B39 /* Products */ = {
			isa = PBXGroup;
			children = (
				1D801D122AEF3ECE00961B39 /* HelpText.app */,
			);
			name = Products;
			sourceTree = "<group>";
		};
		1D801D142AEF3ECE00961B39 /* HelpText */ = {
			isa = PBXGroup;
			children = (
				1D801D262AEF3EF000961B39 /* ViewModel */,
				1D801D252AEF3EED00961B39 /* View */,
				1D801D242AEF3EE900961B39 /* Manager */,
				1D801D232AEF3EE400961B39 /* Extension */,
				1D801D152AEF3ECE00961B39 /* HelpTextApp.swift */,
				1D801D172AEF3ECE00961B39 /* ContentView.swift */,
				1D801D192AEF3ECF00961B39 /* Assets.xcassets */,
				1D801D1B2AEF3ECF00961B39 /* Preview Content */,
			);
			path = HelpText;
			sourceTree = "<group>";
		};
		1D801D1B2AEF3ECF00961B39 /* Preview Content */ = {
			isa = PBXGroup;
			children = (
				1D801D1C2AEF3ECF00961B39 /* Preview Assets.xcassets */,
			);
			path = "Preview Content";
			sourceTree = "<group>";
		};
		1D801D232AEF3EE400961B39 /* Extension */ = {
			isa = PBXGroup;
			children = (
				1D801D2B2AEF3F9A00961B39 /* Color.swift */,
				1D801D2D2AEF3FA700961B39 /* ActionButton.swift */,
			);
			path = Extension;
			sourceTree = "<group>";
		};
		1D801D242AEF3EE900961B39 /* Manager */ = {
			isa = PBXGroup;
			children = (
				1D801D2F2AEF3FBC00961B39 /* UserDefaultsManager.swift */,
				1D801D312AEF3FDC00961B39 /* MessageManager.swift */,
				1D801D332AEF3FF700961B39 /* ContactManager.swift */,
				1D801D352AEF400D00961B39 /* LocationManager.swift */,
			);
			path = Manager;
			sourceTree = "<group>";
		};
		1D801D252AEF3EED00961B39 /* View */ = {
			isa = PBXGroup;
			children = (
				1D801D372AEF402900961B39 /* HomeView.swift */,
				1D801D392AEF403000961B39 /* RootView.swift */,
				1D801D3B2AEF404600961B39 /* ContactListView.swift */,
				1D801D3D2AEF405500961B39 /* SettingView.swift */,
				1D801D3F2AEF407100961B39 /* EditTextView.swift */,
				1D801D412AEF408B00961B39 /* RegisterTextView.swift */,
				1D801D432AEF40A800961B39 /* HomeSection2View.swift */,
				1D801D452AEF40BF00961B39 /* HomeSection1View.swift */,
				1D801D472AEF40D700961B39 /* DeveloperInfoView.swift */,
			);
			path = View;
			sourceTree = "<group>";
		};
		1D801D262AEF3EF000961B39 /* ViewModel */ = {
			isa = PBXGroup;
			children = (
				1D801D272AEF3F4F00961B39 /* TextMessageViewModel.swift */,
				1D801D292AEF3F6200961B39 /* ContactListViewModel.swift */,
			);
			path = ViewModel;
			sourceTree = "<group>";
		};
/* End PBXGroup section */

/* Begin PBXNativeTarget section */
		1D801D112AEF3ECE00961B39 /* HelpText */ = {
			isa = PBXNativeTarget;
			buildConfigurationList = 1D801D202AEF3ECF00961B39 /* Build configuration list for PBXNativeTarget "HelpText" */;
			buildPhases = (
				1D801D0E2AEF3ECE00961B39 /* Sources */,
				1D801D0F2AEF3ECE00961B39 /* Frameworks */,
				1D801D102AEF3ECE00961B39 /* Resources */,
			);
			buildRules = (
			);
			dependencies = (
			);
			name = HelpText;
			productName = HelpText;
			productReference = 1D801D122AEF3ECE00961B39 /* HelpText.app */;
			productType = "com.apple.product-type.application";
		};
/* End PBXNativeTarget section */

/* Begin PBXProject section */
		1D801D0A2AEF3ECE00961B39 /* Project object */ = {
			isa = PBXProject;
			attributes = {
				BuildIndependentTargetsInParallel = 1;
				LastSwiftUpdateCheck = 1500;
				LastUpgradeCheck = 1500;
				TargetAttributes = {
					1D801D112AEF3ECE00961B39 = {
						CreatedOnToolsVersion = 15.0.1;
					};
				};
			};
			buildConfigurationList = 1D801D0D2AEF3ECE00961B39 /* Build configuration list for PBXProject "HelpText" */;
			compatibilityVersion = "Xcode 14.0";
			developmentRegion = en;
			hasScannedForEncodings = 0;
			knownRegions = (
				en,
				Base,
			);
			mainGroup = 1D801D092AEF3ECE00961B39;
			productRefGroup = 1D801D132AEF3ECE00961B39 /* Products */;
			projectDirPath = "";
			projectRoot = "";
			targets = (
				1D801D112AEF3ECE00961B39 /* HelpText */,
			);
		};
/* End PBXProject section */

/* Begin PBXResourcesBuildPhase section */
		1D801D102AEF3ECE00961B39 /* Resources */ = {
			isa = PBXResourcesBuildPhase;
			buildActionMask = 2147483647;
			files = (
				1D801D1D2AEF3ECF00961B39 /* Preview Assets.xcassets in Resources */,
				1D801D1A2AEF3ECF00961B39 /* Assets.xcassets in Resources */,
			);
			runOnlyForDeploymentPostprocessing = 0;
		};
/* End PBXResourcesBuildPhase section */

/* Begin PBXSourcesBuildPhase section */
		1D801D0E2AEF3ECE00961B39 /* Sources */ = {
			isa = PBXSourcesBuildPhase;
			buildActionMask = 2147483647;
			files = (
				1D801D182AEF3ECE00961B39 /* ContentView.swift in Sources */,
				1D801D3C2AEF404600961B39 /* ContactListView.swift in Sources */,
				1D801D2A2AEF3F6200961B39 /* ContactListViewModel.swift in Sources */,
				1D801D3E2AEF405500961B39 /* SettingView.swift in Sources */,
				1D801D362AEF400D00961B39 /* LocationManager.swift in Sources */,
				1D801D442AEF40A800961B39 /* HomeSection2View.swift in Sources */,
				1D801D162AEF3ECE00961B39 /* HelpTextApp.swift in Sources */,
				1D801D422AEF408B00961B39 /* RegisterTextView.swift in Sources */,
				1D801D302AEF3FBC00961B39 /* UserDefaultsManager.swift in Sources */,
				1D801D382AEF402900961B39 /* HomeView.swift in Sources */,
				1D801D2C2AEF3F9A00961B39 /* Color.swift in Sources */,
				1D801D402AEF407100961B39 /* EditTextView.swift in Sources */,
				1D801D282AEF3F4F00961B39 /* TextMessageViewModel.swift in Sources */,
				1D801D462AEF40BF00961B39 /* HomeSection1View.swift in Sources */,
				1D801D3A2AEF403000961B39 /* RootView.swift in Sources */,
				1D801D2E2AEF3FA700961B39 /* ActionButton.swift in Sources */,
				1D801D342AEF3FF700961B39 /* ContactManager.swift in Sources */,
				1D801D322AEF3FDC00961B39 /* MessageManager.swift in Sources */,
				1D801D482AEF40D700961B39 /* DeveloperInfoView.swift in Sources */,
			);
			runOnlyForDeploymentPostprocessing = 0;
		};
/* End PBXSourcesBuildPhase section */

/* Begin XCBuildConfiguration section */
		1D801D1E2AEF3ECF00961B39 /* Debug */ = {
			isa = XCBuildConfiguration;
			buildSettings = {
				ALWAYS_SEARCH_USER_PATHS = NO;
				ASSETCATALOG_COMPILER_GENERATE_SWIFT_ASSET_SYMBOL_EXTENSIONS = YES;
				CLANG_ANALYZER_NONNULL = YES;
				CLANG_ANALYZER_NUMBER_OBJECT_CONVERSION = YES_AGGRESSIVE;
				CLANG_CXX_LANGUAGE_STANDARD = "gnu++20";
				CLANG_ENABLE_MODULES = YES;
				CLANG_ENABLE_OBJC_ARC = YES;
				CLANG_ENABLE_OBJC_WEAK = YES;
				CLANG_WARN_BLOCK_CAPTURE_AUTORELEASING = YES;
				CLANG_WARN_BOOL_CONVERSION = YES;
				CLANG_WARN_COMMA = YES;
				CLANG_WARN_CONSTANT_CONVERSION = YES;
				CLANG_WARN_DEPRECATED_OBJC_IMPLEMENTATIONS = YES;
				CLANG_WARN_DIRECT_OBJC_ISA_USAGE = YES_ERROR;
				CLANG_WARN_DOCUMENTATION_COMMENTS = YES;
				CLANG_WARN_EMPTY_BODY = YES;
				CLANG_WARN_ENUM_CONVERSION = YES;
				CLANG_WARN_INFINITE_RECURSION = YES;
				CLANG_WARN_INT_CONVERSION = YES;
				CLANG_WARN_NON_LITERAL_NULL_CONVERSION = YES;
				CLANG_WARN_OBJC_IMPLICIT_RETAIN_SELF = YES;
				CLANG_WARN_OBJC_LITERAL_CONVERSION = YES;
				CLANG_WARN_OBJC_ROOT_CLASS = YES_ERROR;
				CLANG_WARN_QUOTED_INCLUDE_IN_FRAMEWORK_HEADER = YES;
				CLANG_WARN_RANGE_LOOP_ANALYSIS = YES;
				CLANG_WARN_STRICT_PROTOTYPES = YES;
				CLANG_WARN_SUSPICIOUS_MOVE = YES;
				CLANG_WARN_UNGUARDED_AVAILABILITY = YES_AGGRESSIVE;
				CLANG_WARN_UNREACHABLE_CODE = YES;
				CLANG_WARN__DUPLICATE_METHOD_MATCH = YES;
				COPY_PHASE_STRIP = NO;
				DEBUG_INFORMATION_FORMAT = dwarf;
				ENABLE_STRICT_OBJC_MSGSEND = YES;
				ENABLE_TESTABILITY = YES;
				ENABLE_USER_SCRIPT_SANDBOXING = YES;
				GCC_C_LANGUAGE_STANDARD = gnu17;
				GCC_DYNAMIC_NO_PIC = NO;
				GCC_NO_COMMON_BLOCKS = YES;
				GCC_OPTIMIZATION_LEVEL = 0;
				GCC_PREPROCESSOR_DEFINITIONS = (
					"DEBUG=1",
					"$(inherited)",
				);
				GCC_WARN_64_TO_32_BIT_CONVERSION = YES;
				GCC_WARN_ABOUT_RETURN_TYPE = YES_ERROR;
				GCC_WARN_UNDECLARED_SELECTOR = YES;
				GCC_WARN_UNINITIALIZED_AUTOS = YES_AGGRESSIVE;
				GCC_WARN_UNUSED_FUNCTION = YES;
				GCC_WARN_UNUSED_VARIABLE = YES;
				IPHONEOS_DEPLOYMENT_TARGET = 17.0;
				LOCALIZATION_PREFERS_STRING_CATALOGS = YES;
				MTL_ENABLE_DEBUG_INFO = INCLUDE_SOURCE;
				MTL_FAST_MATH = YES;
				ONLY_ACTIVE_ARCH = YES;
				SDKROOT = iphoneos;
				SWIFT_ACTIVE_COMPILATION_CONDITIONS = "DEBUG $(inherited)";
				SWIFT_OPTIMIZATION_LEVEL = "-Onone";
			};
			name = Debug;
		};
		1D801D1F2AEF3ECF00961B39 /* Release */ = {
			isa = XCBuildConfiguration;
			buildSettings = {
				ALWAYS_SEARCH_USER_PATHS = NO;
				ASSETCATALOG_COMPILER_GENERATE_SWIFT_ASSET_SYMBOL_EXTENSIONS = YES;
				CLANG_ANALYZER_NONNULL = YES;
				CLANG_ANALYZER_NUMBER_OBJECT_CONVERSION = YES_AGGRESSIVE;
				CLANG_CXX_LANGUAGE_STANDARD = "gnu++20";
				CLANG_ENABLE_MODULES = YES;
				CLANG_ENABLE_OBJC_ARC = YES;
				CLANG_ENABLE_OBJC_WEAK = YES;
				CLANG_WARN_BLOCK_CAPTURE_AUTORELEASING = YES;
				CLANG_WARN_BOOL_CONVERSION = YES;
				CLANG_WARN_COMMA = YES;
				CLANG_WARN_CONSTANT_CONVERSION = YES;
				CLANG_WARN_DEPRECATED_OBJC_IMPLEMENTATIONS = YES;
				CLANG_WARN_DIRECT_OBJC_ISA_USAGE = YES_ERROR;
				CLANG_WARN_DOCUMENTATION_COMMENTS = YES;
				CLANG_WARN_EMPTY_BODY = YES;
				CLANG_WARN_ENUM_CONVERSION = YES;
				CLANG_WARN_INFINITE_RECURSION = YES;
				CLANG_WARN_INT_CONVERSION = YES;
				CLANG_WARN_NON_LITERAL_NULL_CONVERSION = YES;
				CLANG_WARN_OBJC_IMPLICIT_RETAIN_SELF = YES;
				CLANG_WARN_OBJC_LITERAL_CONVERSION = YES;
				CLANG_WARN_OBJC_ROOT_CLASS = YES_ERROR;
				CLANG_WARN_QUOTED_INCLUDE_IN_FRAMEWORK_HEADER = YES;
				CLANG_WARN_RANGE_LOOP_ANALYSIS = YES;
				CLANG_WARN_STRICT_PROTOTYPES = YES;
				CLANG_WARN_SUSPICIOUS_MOVE = YES;
				CLANG_WARN_UNGUARDED_AVAILABILITY = YES_AGGRESSIVE;
				CLANG_WARN_UNREACHABLE_CODE = YES;
				CLANG_WARN__DUPLICATE_METHOD_MATCH = YES;
				COPY_PHASE_STRIP = NO;
				DEBUG_INFORMATION_FORMAT = "dwarf-with-dsym";
				ENABLE_NS_ASSERTIONS = NO;
				ENABLE_STRICT_OBJC_MSGSEND = YES;
				ENABLE_USER_SCRIPT_SANDBOXING = YES;
				GCC_C_LANGUAGE_STANDARD = gnu17;
				GCC_NO_COMMON_BLOCKS = YES;
				GCC_WARN_64_TO_32_BIT_CONVERSION = YES;
				GCC_WARN_ABOUT_RETURN_TYPE = YES_ERROR;
				GCC_WARN_UNDECLARED_SELECTOR = YES;
				GCC_WARN_UNINITIALIZED_AUTOS = YES_AGGRESSIVE;
				GCC_WARN_UNUSED_FUNCTION = YES;
				GCC_WARN_UNUSED_VARIABLE = YES;
				IPHONEOS_DEPLOYMENT_TARGET = 17.0;
				LOCALIZATION_PREFERS_STRING_CATALOGS = YES;
				MTL_ENABLE_DEBUG_INFO = NO;
				MTL_FAST_MATH = YES;
				SDKROOT = iphoneos;
				SWIFT_COMPILATION_MODE = wholemodule;
				VALIDATE_PRODUCT = YES;
			};
			name = Release;
		};
		1D801D212AEF3ECF00961B39 /* Debug */ = {
			isa = XCBuildConfiguration;
			buildSettings = {
				ASSETCATALOG_COMPILER_APPICON_NAME = AppIcon;
				ASSETCATALOG_COMPILER_GLOBAL_ACCENT_COLOR_NAME = AccentColor;
				CODE_SIGN_STYLE = Automatic;
				CURRENT_PROJECT_VERSION = 1;
				DEVELOPMENT_ASSET_PATHS = "\"HelpText/Preview Content\"";
				ENABLE_PREVIEWS = YES;
				GENERATE_INFOPLIST_FILE = YES;
				INFOPLIST_KEY_UIApplicationSceneManifest_Generation = YES;
				INFOPLIST_KEY_UIApplicationSupportsIndirectInputEvents = YES;
				INFOPLIST_KEY_UILaunchScreen_Generation = YES;
				INFOPLIST_KEY_UISupportedInterfaceOrientations_iPad = "UIInterfaceOrientationPortrait UIInterfaceOrientationPortraitUpsideDown UIInterfaceOrientationLandscapeLeft UIInterfaceOrientationLandscapeRight";
				INFOPLIST_KEY_UISupportedInterfaceOrientations_iPhone = "UIInterfaceOrientationPortrait UIInterfaceOrientationLandscapeLeft UIInterfaceOrientationLandscapeRight";
				LD_RUNPATH_SEARCH_PATHS = (
					"$(inherited)",
					"@executable_path/Frameworks",
				);
				MARKETING_VERSION = 1.0;
				PRODUCT_BUNDLE_IDENTIFIER = com.Jhong.HelpText;
				PRODUCT_NAME = "$(TARGET_NAME)";
				SWIFT_EMIT_LOC_STRINGS = YES;
				SWIFT_VERSION = 5.0;
				TARGETED_DEVICE_FAMILY = "1,2";
			};
			name = Debug;
		};
		1D801D222AEF3ECF00961B39 /* Release */ = {
			isa = XCBuildConfiguration;
			buildSettings = {
				ASSETCATALOG_COMPILER_APPICON_NAME = AppIcon;
				ASSETCATALOG_COMPILER_GLOBAL_ACCENT_COLOR_NAME = AccentColor;
				CODE_SIGN_STYLE = Automatic;
				CURRENT_PROJECT_VERSION = 1;
				DEVELOPMENT_ASSET_PATHS = "\"HelpText/Preview Content\"";
				ENABLE_PREVIEWS = YES;
				GENERATE_INFOPLIST_FILE = YES;
				INFOPLIST_KEY_UIApplicationSceneManifest_Generation = YES;
				INFOPLIST_KEY_UIApplicationSupportsIndirectInputEvents = YES;
				INFOPLIST_KEY_UILaunchScreen_Generation = YES;
				INFOPLIST_KEY_UISupportedInterfaceOrientations_iPad = "UIInterfaceOrientationPortrait UIInterfaceOrientationPortraitUpsideDown UIInterfaceOrientationLandscapeLeft UIInterfaceOrientationLandscapeRight";
				INFOPLIST_KEY_UISupportedInterfaceOrientations_iPhone = "UIInterfaceOrientationPortrait UIInterfaceOrientationLandscapeLeft UIInterfaceOrientationLandscapeRight";
				LD_RUNPATH_SEARCH_PATHS = (
					"$(inherited)",
					"@executable_path/Frameworks",
				);
				MARKETING_VERSION = 1.0;
				PRODUCT_BUNDLE_IDENTIFIER = com.Jhong.HelpText;
				PRODUCT_NAME = "$(TARGET_NAME)";
				SWIFT_EMIT_LOC_STRINGS = YES;
				SWIFT_VERSION = 5.0;
				TARGETED_DEVICE_FAMILY = "1,2";
			};
			name = Release;
		};
/* End XCBuildConfiguration section */

/* Begin XCConfigurationList section */
		1D801D0D2AEF3ECE00961B39 /* Build configuration list for PBXProject "HelpText" */ = {
			isa = XCConfigurationList;
			buildConfigurations = (
				1D801D1E2AEF3ECF00961B39 /* Debug */,
				1D801D1F2AEF3ECF00961B39 /* Release */,
			);
			defaultConfigurationIsVisible = 0;
			defaultConfigurationName = Release;
		};
		1D801D202AEF3ECF00961B39 /* Build configuration list for PBXNativeTarget "HelpText" */ = {
			isa = XCConfigurationList;
			buildConfigurations = (
				1D801D212AEF3ECF00961B39 /* Debug */,
				1D801D222AEF3ECF00961B39 /* Release */,
			);
			defaultConfigurationIsVisible = 0;
			defaultConfigurationName = Release;
		};
/* End XCConfigurationList section */
	};
	rootObject = 1D801D0A2AEF3ECE00961B39 /* Project object */;
}
